
Microsoft Visual Studio Solution File, Format Version 11.00
# Visual Studio 2010
Project("{F184B08F-C81C-45F6-A57F-5ABD9991F28F}") = "SIM_AsetSMPN26", "SimAset_SMPN26Medan\SIM_AsetSMPN26.vbproj", "{41488326-D040-4830-B6F3-040687FE3C05}"
EndProject
Global
	GlobalSection(SolutionConfigurationPlatforms) = preSolution
		Debug|x86 = Debug|x86
		Release|x86 = Release|x86
	EndGlobalSection
	GlobalSection(ProjectConfigurationPlatforms) = postSolution
		{41488326-D040-4830-B6F3-040687FE3C05}.Debug|x86.ActiveCfg = Debug|x86
		{41488326-D040-4830-B6F3-040687FE3C05}.Debug|x86.Build.0 = Debug|x86
		{41488326-D040-4830-B6F3-040687FE3C05}.Release|x86.ActiveCfg = Release|x86
		{41488326-D040-4830-B6F3-040687FE3C05}.Release|x86.Build.0 = Release|x86
	EndGlobalSection
	GlobalSection(SolutionProperties) = preSolution
		HideSolutionNode = FALSE
	EndGlobalSection
EndGlobal
